PODS:
  - Flutter (1.0.0)
  - fluwx (0.0.1):
    - Flutter
    - fluwx/pay (= 0.0.1)
  - fluwx/pay (0.0.1):
    - Flutter
    - WechatOpenSDK-XCFramework (~> 2.0.2)
  - WechatOpenSDK-XCFramework (2.0.2)

DEPENDENCIES:
  - Flutter (from `Flutter`)
  - fluwx (from `.symlinks/plugins/fluwx/ios`)

SPEC REPOS:
  trunk:
    - WechatOpenSDK-XCFramework

EXTERNAL SOURCES:
  Flutter:
    :path: Flutter
  fluwx:
    :path: ".symlinks/plugins/fluwx/ios"

SPEC CHECKSUMS:
  Flutter: f04841e97a9d0b0a8025694d0796dd46242b2854
  fluwx: 3c7b6df42f83d444d4538f3eaeae079f12d30c37
  WechatOpenSDK-XCFramework: acdeeda129efbef9532bca8a10c24e1b4b8c7d69

PODFILE CHECKSUM: 1ea9f49c4f5a0cb4ea986a31044ceb0f7668e46a

COCOAPODS: 1.12.1
